{
  "name": "elsa-workflows",
  "version": "2.0.0",
  "lockfileVersion": 1,
  "requires": true,
  "dependencies": {
    "@fortawesome/fontawesome-free": {
      "version": "5.12.0",
      "resolved": "https://registry.npmjs.org/@fortawesome/fontawesome-free/-/fontawesome-free-5.12.0.tgz",
      "integrity": "sha512-vKDJUuE2GAdBERaQWmmtsciAMzjwNrROXA5KTGSZvayAsmuTGjam5z6QNqNPCwDfVljLWuov1nEC3mEQf/n6fQ==",
      "dev": true
    },
    "@panzoom/panzoom": {
      "version": "4.0.2",
      "resolved": "https://registry.npmjs.org/@panzoom/panzoom/-/panzoom-4.0.2.tgz",
      "integrity": "sha512-hfHrcotaZC63DPf4/BlIFM8RALsot0bPZWu6d0zfMjmsPvQQV00GEqXAcw/rNVMtFU+vrhaNB5YiOeN4R1nQkQ==",
      "dev": true,
      "requires": {
        "marked": ">=0.7.0"
      }
    },
    "@stencil/core": {
      "version": "1.8.6",
      "resolved": "https://registry.npmjs.org/@stencil/core/-/core-1.8.6.tgz",
      "integrity": "sha512-/xA71HVKG3aqfZdNTb55nXbgZUwgxrn4xwgj8kw3D7z1l0/Z5RuKUoOhnw3yW5IVArfuG3mZkbrt0GxvZlvQaQ==",
      "dev": true,
      "requires": {
        "typescript": "3.7.5"
      }
    },
    "@stencil/sass": {
      "version": "1.1.1",
      "resolved": "https://registry.npmjs.org/@stencil/sass/-/sass-1.1.1.tgz",
      "integrity": "sha512-Nny3JiFkpQa0RdXWCa4pzhKQYnHuDNzC9c4w35FcaZHXBVuZ1UHSHc7wI7By9SS1auYcySqpPOBVzgoCqXcYVQ==",
      "dev": true
    },
    "bootstrap-scss": {
      "version": "4.4.1",
      "resolved": "https://registry.npmjs.org/bootstrap-scss/-/bootstrap-scss-4.4.1.tgz",
      "integrity": "sha512-OznewkRrYIUip6iT27eQc4M8GvA/lxjJ/bny0GuUmdsBRbvjyPscWL0ghR0QBrZ4nufWi+qZno5G4rf7AVQfkw==",
      "dev": true
    },
    "bs-components": {
      "version": "https://www.myget.org/F/bs-components/npm/bs-components/-/0.1.8.tgz",
      "integrity": "sha512-2D/VbK3Sz+u8BI49IJH7Z6TxFxg7Lew4Q7QrBEG3NACOf1TY8svEHJGUMxKyvfGxdccWj7HEilCafzQz602Ulw==",
      "dev": true,
      "requires": {
        "lodash": "^4.17.15",
        "popper.js": "^1.16.1"
      }
    },
    "jsplumb": {
      "version": "2.12.8",
      "resolved": "https://registry.npmjs.org/jsplumb/-/jsplumb-2.12.8.tgz",
      "integrity": "sha512-yYtyDMIPb1eJpv1HLxhD4wVQ0zlOtsvhaH2xcryL1kwKkiCevepK9UKVPUPQ0aZZzzHn7xYWQoZIdZHkSvD1Og==",
      "dev": true
    },
    "lodash": {
      "version": "4.17.15",
      "resolved": "https://registry.npmjs.org/lodash/-/lodash-4.17.15.tgz",
      "integrity": "sha512-8xOcRHvCjnocdS5cpwXQXVzmmh5e5+saE2QGoeQmbKmRS6J3VQppPOIt0MnmE+4xlZoumy0GPG0D0MVIQbNA1A==",
      "dev": true
    },
    "marked": {
      "version": "0.8.0",
      "resolved": "https://registry.npmjs.org/marked/-/marked-0.8.0.tgz",
      "integrity": "sha512-MyUe+T/Pw4TZufHkzAfDj6HarCBWia2y27/bhuYkTaiUnfDYFnCP3KUN+9oM7Wi6JA2rymtVYbQu3spE0GCmxQ==",
      "dev": true
    },
    "popper.js": {
      "version": "1.16.1",
      "resolved": "https://registry.npmjs.org/popper.js/-/popper.js-1.16.1.tgz",
      "integrity": "sha512-Wb4p1J4zyFTbM+u6WuO4XstYx4Ky9Cewe4DWrel7B0w6VVICvPwdOpotjzcf6eD8TsckVnIMNONQyPIUFOUbCQ==",
      "dev": true
    },
    "typescript": {
      "version": "3.7.5",
      "resolved": "https://registry.npmjs.org/typescript/-/typescript-3.7.5.tgz",
      "integrity": "sha512-/P5lkRXkWHNAbcJIiHPfRoKqyd7bsyCma1hZNUGfn20qm64T6ZBlrzprymeu918H+mB/0rIg2gGK/BXkhhYgBw==",
      "dev": true
    },
    "uuid-browser": {
      "version": "3.1.0",
      "resolved": "https://registry.npmjs.org/uuid-browser/-/uuid-browser-3.1.0.tgz",
      "integrity": "sha1-DwWkCu90+eWVHiDvv0SxGHHlZBA=",
      "dev": true
    }
  }
}
