{
  "name": "elsa-workflows",
  "version": "2.0.0",
  "lockfileVersion": 1,
  "requires": true,
  "dependencies": {
    "@fortawesome/fontawesome-free": {
      "version": "5.12.0",
      "resolved": "https://registry.npmjs.org/@fortawesome/fontawesome-free/-/fontawesome-free-5.12.0.tgz",
      "integrity": "sha512-vKDJUuE2GAdBERaQWmmtsciAMzjwNrROXA5KTGSZvayAsmuTGjam5z6QNqNPCwDfVljLWuov1nEC3mEQf/n6fQ==",
      "dev": true
    },
    "@stencil/core": {
      "version": "1.8.6",
      "resolved": "https://registry.npmjs.org/@stencil/core/-/core-1.8.6.tgz",
      "integrity": "sha512-/xA71HVKG3aqfZdNTb55nXbgZUwgxrn4xwgj8kw3D7z1l0/Z5RuKUoOhnw3yW5IVArfuG3mZkbrt0GxvZlvQaQ==",
      "dev": true,
      "requires": {
        "typescript": "3.7.5"
      }
    },
    "@stencil/sass": {
      "version": "1.1.1",
      "resolved": "https://registry.npmjs.org/@stencil/sass/-/sass-1.1.1.tgz",
      "integrity": "sha512-Nny3JiFkpQa0RdXWCa4pzhKQYnHuDNzC9c4w35FcaZHXBVuZ1UHSHc7wI7By9SS1auYcySqpPOBVzgoCqXcYVQ==",
      "dev": true
    },
    "bootstrap-scss": {
      "version": "4.4.1",
      "resolved": "https://registry.npmjs.org/bootstrap-scss/-/bootstrap-scss-4.4.1.tgz",
      "integrity": "sha512-OznewkRrYIUip6iT27eQc4M8GvA/lxjJ/bny0GuUmdsBRbvjyPscWL0ghR0QBrZ4nufWi+qZno5G4rf7AVQfkw==",
      "dev": true
    },
    "bs-components": {
      "version": "https://www.myget.org/F/bs-components/npm/bs-components/-/0.1.8.tgz",
      "integrity": "sha512-2D/VbK3Sz+u8BI49IJH7Z6TxFxg7Lew4Q7QrBEG3NACOf1TY8svEHJGUMxKyvfGxdccWj7HEilCafzQz602Ulw==",
      "dev": true,
      "requires": {
        "lodash": "^4.17.15",
        "popper.js": "^1.16.1"
      }
    },
    "dprop": {
      "version": "1.0.0",
      "resolved": "https://registry.npmjs.org/dprop/-/dprop-1.0.0.tgz",
      "integrity": "sha1-X0WmCmD6OsHQ9otrQ1gx8v9mVGg=",
      "dev": true
    },
    "estree-walker": {
      "version": "0.6.1",
      "resolved": "https://registry.npmjs.org/estree-walker/-/estree-walker-0.6.1.tgz",
      "integrity": "sha512-SqmZANLWS0mnatqbSfRP5g8OXZC12Fgg1IwNtLsyHDzJizORW4khDfjPqJZsemPWBB2uqykUah5YpQ6epsqC/w==",
      "dev": true
    },
    "events": {
      "version": "1.1.1",
      "resolved": "https://registry.npmjs.org/events/-/events-1.1.1.tgz",
      "integrity": "sha1-nr23Y1rQmccNzEwqH1AEKI6L2SQ=",
      "dev": true
    },
    "gl-vec2": {
      "version": "1.3.0",
      "resolved": "https://registry.npmjs.org/gl-vec2/-/gl-vec2-1.3.0.tgz",
      "integrity": "sha512-YiqaAuNsheWmUV0Sa8k94kBB0D6RWjwZztyO+trEYS8KzJ6OQB/4686gdrf59wld4hHFIvaxynO3nRxpk1Ij/A==",
      "dev": true
    },
    "has-passive-events": {
      "version": "1.0.0",
      "resolved": "https://registry.npmjs.org/has-passive-events/-/has-passive-events-1.0.0.tgz",
      "integrity": "sha512-2vSj6IeIsgvsRMyeQ0JaCX5Q3lX4zMn5HpoVc7MEhQ6pv8Iq9rsXjsp+E5ZwaT7T0xhMT0KmU8gtt1EFVdbJiw==",
      "dev": true,
      "requires": {
        "is-browser": "^2.0.1"
      }
    },
    "impetus": {
      "version": "0.8.8",
      "resolved": "https://registry.npmjs.org/impetus/-/impetus-0.8.8.tgz",
      "integrity": "sha512-7ejVjFxRAiBlnZQbdNGzUGgxMvLjVke/QNP2TFN/VK8baASsuRiE8YuSbD0qyiU8Pae+w95De4ZYz+rxSo5FJw==",
      "dev": true
    },
    "is-browser": {
      "version": "2.1.0",
      "resolved": "https://registry.npmjs.org/is-browser/-/is-browser-2.1.0.tgz",
      "integrity": "sha512-F5rTJxDQ2sW81fcfOR1GnCXT6sVJC104fCyfj+mjpwNEwaPYSn5fte5jiHmBg3DHsIoL/l8Kvw5VN5SsTRcRFQ==",
      "dev": true
    },
    "jsplumb": {
      "version": "https://www.myget.org/F/jsplumb-sfmskywalker/npm/jsplumb/-/2.12.10.tgz",
      "integrity": "sha512-wSDj2hj8frt9IIuFuKWZ56OJ2Wt0GY2/Etyjq2W4mTfC1temdMEVc0zn3IDaWRcabLAR4vydsKEgCZ6kBD7C5g==",
      "dev": true
    },
    "lodash": {
      "version": "4.17.15",
      "resolved": "https://registry.npmjs.org/lodash/-/lodash-4.17.15.tgz",
      "integrity": "sha512-8xOcRHvCjnocdS5cpwXQXVzmmh5e5+saE2QGoeQmbKmRS6J3VQppPOIt0MnmE+4xlZoumy0GPG0D0MVIQbNA1A==",
      "dev": true
    },
    "magic-string": {
      "version": "0.25.6",
      "resolved": "https://registry.npmjs.org/magic-string/-/magic-string-0.25.6.tgz",
      "integrity": "sha512-3a5LOMSGoCTH5rbqobC2HuDNRtE2glHZ8J7pK+QZYppyWA36yuNpsX994rIY2nCuyP7CZYy7lQq/X2jygiZ89g==",
      "dev": true,
      "requires": {
        "sourcemap-codec": "^1.4.4"
      }
    },
    "mouse-event-offset": {
      "version": "3.0.2",
      "resolved": "https://registry.npmjs.org/mouse-event-offset/-/mouse-event-offset-3.0.2.tgz",
      "integrity": "sha1-39hqbiSMa6jK1TuQXVA3ogY+mYQ=",
      "dev": true
    },
    "mouse-wheel": {
      "version": "1.2.0",
      "resolved": "https://registry.npmjs.org/mouse-wheel/-/mouse-wheel-1.2.0.tgz",
      "integrity": "sha1-bSkDseqPtI5h8bU7kDZ3PwQs21w=",
      "dev": true,
      "requires": {
        "right-now": "^1.0.0",
        "signum": "^1.0.0",
        "to-px": "^1.0.1"
      }
    },
    "pan-zoom": {
      "version": "3.5.0",
      "resolved": "https://registry.npmjs.org/pan-zoom/-/pan-zoom-3.5.0.tgz",
      "integrity": "sha512-nF+jzm5PpKwt3vH9pb10HlM6TU0gNsbHRLGnVS6r/JO4xpVTaKeDnNpOJVCwqLXEhymQF619rSfFbrNTycIyPw==",
      "dev": true,
      "requires": {
        "has-passive-events": "^1.0.0",
        "impetus": "^0.8.8",
        "mouse-wheel": "^1.2.0",
        "raf": "^3.4.0",
        "touch-pinch": "^1.0.1",
        "touch-position": "^2.0.0"
      }
    },
    "parse-unit": {
      "version": "1.0.1",
      "resolved": "https://registry.npmjs.org/parse-unit/-/parse-unit-1.0.1.tgz",
      "integrity": "sha1-fhu21b7zh0wo45JSaiVBFwKR7s8=",
      "dev": true
    },
    "performance-now": {
      "version": "2.1.0",
      "resolved": "https://registry.npmjs.org/performance-now/-/performance-now-2.1.0.tgz",
      "integrity": "sha1-Ywn04OX6kT7BxpMHrjZLSzd8nns=",
      "dev": true
    },
    "popper.js": {
      "version": "1.16.1",
      "resolved": "https://registry.npmjs.org/popper.js/-/popper.js-1.16.1.tgz",
      "integrity": "sha512-Wb4p1J4zyFTbM+u6WuO4XstYx4Ky9Cewe4DWrel7B0w6VVICvPwdOpotjzcf6eD8TsckVnIMNONQyPIUFOUbCQ==",
      "dev": true
    },
    "raf": {
      "version": "3.4.1",
      "resolved": "https://registry.npmjs.org/raf/-/raf-3.4.1.tgz",
      "integrity": "sha512-Sq4CW4QhwOHE8ucn6J34MqtZCeWFP2aQSmrlroYgqAV1PjStIhJXxYuTgUIfkEk7zTLjmIjLmU5q+fbD1NnOJA==",
      "dev": true,
      "requires": {
        "performance-now": "^2.1.0"
      }
    },
    "right-now": {
      "version": "1.0.0",
      "resolved": "https://registry.npmjs.org/right-now/-/right-now-1.0.0.tgz",
      "integrity": "sha1-bolgne69fc2vja7Mmuo5z1haCRg=",
      "dev": true
    },
    "rollup-plugin-inject": {
      "version": "3.0.2",
      "resolved": "https://registry.npmjs.org/rollup-plugin-inject/-/rollup-plugin-inject-3.0.2.tgz",
      "integrity": "sha512-ptg9PQwzs3orn4jkgXJ74bfs5vYz1NCZlSQMBUA0wKcGp5i5pA1AO3fOUEte8enhGUC+iapTCzEWw2jEFFUO/w==",
      "dev": true,
      "requires": {
        "estree-walker": "^0.6.1",
        "magic-string": "^0.25.3",
        "rollup-pluginutils": "^2.8.1"
      }
    },
    "rollup-plugin-node-polyfills": {
      "version": "0.2.1",
      "resolved": "https://registry.npmjs.org/rollup-plugin-node-polyfills/-/rollup-plugin-node-polyfills-0.2.1.tgz",
      "integrity": "sha512-4kCrKPTJ6sK4/gLL/U5QzVT8cxJcofO0OU74tnB19F40cmuAKSzH5/siithxlofFEjwvw1YAhPmbvGNA6jEroA==",
      "dev": true,
      "requires": {
        "rollup-plugin-inject": "^3.0.0"
      }
    },
    "rollup-pluginutils": {
      "version": "2.8.2",
      "resolved": "https://registry.npmjs.org/rollup-pluginutils/-/rollup-pluginutils-2.8.2.tgz",
      "integrity": "sha512-EEp9NhnUkwY8aif6bxgovPHMoMoNr2FulJziTndpt5H9RdwC47GSGuII9XxpSdzVGM0GWrNPHV6ie1LTNJPaLQ==",
      "dev": true,
      "requires": {
        "estree-walker": "^0.6.1"
      }
    },
    "signum": {
      "version": "1.0.0",
      "resolved": "https://registry.npmjs.org/signum/-/signum-1.0.0.tgz",
      "integrity": "sha1-dKfSvyogtA66FqkrFSEk8dVZ+nc=",
      "dev": true
    },
    "sourcemap-codec": {
      "version": "1.4.8",
      "resolved": "https://registry.npmjs.org/sourcemap-codec/-/sourcemap-codec-1.4.8.tgz",
      "integrity": "sha512-9NykojV5Uih4lgo5So5dtw+f0JgJX30KCNI8gwhz2J9A15wD0Ml6tjHKwf6fTSa6fAdVBdZeNOs9eJ71qCk8vA==",
      "dev": true
    },
    "to-px": {
      "version": "1.1.0",
      "resolved": "https://registry.npmjs.org/to-px/-/to-px-1.1.0.tgz",
      "integrity": "sha512-bfg3GLYrGoEzrGoE05TAL/Uw+H/qrf2ptr9V3W7U0lkjjyYnIfgxmVLUfhQ1hZpIQwin81uxhDjvUkDYsC0xWw==",
      "dev": true,
      "requires": {
        "parse-unit": "^1.0.1"
      }
    },
    "touch-pinch": {
      "version": "1.0.1",
      "resolved": "https://registry.npmjs.org/touch-pinch/-/touch-pinch-1.0.1.tgz",
      "integrity": "sha1-UvKu7iYxOXMFcNDM341EOpKzs20=",
      "dev": true,
      "requires": {
        "dprop": "^1.0.0",
        "events": "^1.0.2",
        "gl-vec2": "^1.0.0",
        "mouse-event-offset": "^3.0.2"
      }
    },
    "touch-position": {
      "version": "2.0.0",
      "resolved": "https://registry.npmjs.org/touch-position/-/touch-position-2.0.0.tgz",
      "integrity": "sha1-26fMf26PoZKIFS0inhW33FyCQoY=",
      "dev": true,
      "requires": {
        "events": "^1.0.2",
        "mouse-event-offset": "^3.0.2"
      }
    },
    "typescript": {
      "version": "3.7.5",
      "resolved": "https://registry.npmjs.org/typescript/-/typescript-3.7.5.tgz",
      "integrity": "sha512-/P5lkRXkWHNAbcJIiHPfRoKqyd7bsyCma1hZNUGfn20qm64T6ZBlrzprymeu918H+mB/0rIg2gGK/BXkhhYgBw==",
      "dev": true
    },
    "uuid-browser": {
      "version": "3.1.0",
      "resolved": "https://registry.npmjs.org/uuid-browser/-/uuid-browser-3.1.0.tgz",
      "integrity": "sha1-DwWkCu90+eWVHiDvv0SxGHHlZBA=",
      "dev": true
    }
  }
}
